
Microsoft Visual Studio Solution File, Format Version 12.00
# Visual Studio Version 16
VisualStudioVersion = 16.0.31205.134
MinimumVisualStudioVersion = 10.0.40219.1
Project("{FAE04EC0-301F-11D3-BF4B-00C04F79EFBC}") = "Clients26", "Clients26\Clients26.csproj", "{3F1D19F8-F598-44FA-B8E5-96D652098228}"
EndProject
Global
	GlobalSection(SolutionConfigurationPlatforms) = preSolution
		Debug|Any CPU = Debug|Any CPU
		Release|Any CPU = Release|Any CPU
	EndGlobalSection
	GlobalSection(ProjectConfigurationPlatforms) = postSolution
		{3F1D19F8-F598-44FA-B8E5-96D652098228}.Debug|Any CPU.ActiveCfg = Debug|Any CPU
		{3F1D19F8-F598-44FA-B8E5-96D652098228}.Debug|Any CPU.Build.0 = Debug|Any CPU
		{3F1D19F8-F598-44FA-B8E5-96D652098228}.Release|Any CPU.ActiveCfg = Release|Any CPU
		{3F1D19F8-F598-44FA-B8E5-96D652098228}.Release|Any CPU.Build.0 = Release|Any CPU
	EndGlobalSection
	GlobalSection(SolutionProperties) = preSolution
		HideSolutionNode = FALSE
	EndGlobalSection
	GlobalSection(ExtensibilityGlobals) = postSolution
		SolutionGuid = {5F7EA118-E4A5-4F78-9A0E-55363C967672}
	EndGlobalSection
EndGlobal
